
Microsoft Visual Studio Solution File, Format Version 12.00
# Visual Studio 15
VisualStudioVersion = 15.0.27130.2036
MinimumVisualStudioVersion = 10.0.40219.1
Project("{FAE04EC0-301F-11D3-BF4B-00C04F79EFBC}") = "InternshipManagement.Presentation", "InternshipManagement.Presentation\InternshipManagement.Presentation.csproj", "{02C9D1A8-815D-48A0-A0D2-F567D22433EA}"
EndProject
Project("{FAE04EC0-301F-11D3-BF4B-00C04F79EFBC}") = "InternshipManagement.Data", "InternshipManagement.Data\InternshipManagement.Data.csproj", "{7493A7B1-E71A-4AC7-ADFA-193B687BBA42}"
EndProject
Project("{FAE04EC0-301F-11D3-BF4B-00C04F79EFBC}") = "InternshipManagement.Domain", "InternshipManagement.Domain\InternshipManagement.Domain.csproj", "{906AE10B-07EE-4B57-8005-8EBD02E681C8}"
EndProject
Project("{FAE04EC0-301F-11D3-BF4B-00C04F79EFBC}") = "InternshipManagement.ServicePattern", "InternshipManagement.ServicePattern\InternshipManagement.ServicePattern.csproj", "{46DE7671-F965-4C49-8676-BEEB16C47B9F}"
EndProject
Project("{FAE04EC0-301F-11D3-BF4B-00C04F79EFBC}") = "InternshipManagement.Service", "InternshipManagement.Service\InternshipManagement.Service.csproj", "{C48696AD-9226-4D4C-8493-84222BD3D296}"
EndProject
Global
	GlobalSection(SolutionConfigurationPlatforms) = preSolution
		Debug|Any CPU = Debug|Any CPU
		Debug|x86 = Debug|x86
		Release|Any CPU = Release|Any CPU
		Release|x86 = Release|x86
	EndGlobalSection
	GlobalSection(ProjectConfigurationPlatforms) = postSolution
		{02C9D1A8-815D-48A0-A0D2-F567D22433EA}.Debug|Any CPU.ActiveCfg = Debug|Any CPU
		{02C9D1A8-815D-48A0-A0D2-F567D22433EA}.Debug|Any CPU.Build.0 = Debug|Any CPU
		{02C9D1A8-815D-48A0-A0D2-F567D22433EA}.Debug|x86.ActiveCfg = Debug|Any CPU
		{02C9D1A8-815D-48A0-A0D2-F567D22433EA}.Debug|x86.Build.0 = Debug|Any CPU
		{02C9D1A8-815D-48A0-A0D2-F567D22433EA}.Release|Any CPU.ActiveCfg = Release|Any CPU
		{02C9D1A8-815D-48A0-A0D2-F567D22433EA}.Release|Any CPU.Build.0 = Release|Any CPU
		{02C9D1A8-815D-48A0-A0D2-F567D22433EA}.Release|x86.ActiveCfg = Release|Any CPU
		{02C9D1A8-815D-48A0-A0D2-F567D22433EA}.Release|x86.Build.0 = Release|Any CPU
		{7493A7B1-E71A-4AC7-ADFA-193B687BBA42}.Debug|Any CPU.ActiveCfg = Debug|Any CPU
		{7493A7B1-E71A-4AC7-ADFA-193B687BBA42}.Debug|Any CPU.Build.0 = Debug|Any CPU
		{7493A7B1-E71A-4AC7-ADFA-193B687BBA42}.Debug|x86.ActiveCfg = Debug|Any CPU
		{7493A7B1-E71A-4AC7-ADFA-193B687BBA42}.Debug|x86.Build.0 = Debug|Any CPU
		{7493A7B1-E71A-4AC7-ADFA-193B687BBA42}.Release|Any CPU.ActiveCfg = Release|Any CPU
		{7493A7B1-E71A-4AC7-ADFA-193B687BBA42}.Release|Any CPU.Build.0 = Release|Any CPU
		{7493A7B1-E71A-4AC7-ADFA-193B687BBA42}.Release|x86.ActiveCfg = Release|x86
		{7493A7B1-E71A-4AC7-ADFA-193B687BBA42}.Release|x86.Build.0 = Release|x86
		{906AE10B-07EE-4B57-8005-8EBD02E681C8}.Debug|Any CPU.ActiveCfg = Debug|Any CPU
		{906AE10B-07EE-4B57-8005-8EBD02E681C8}.Debug|Any CPU.Build.0 = Debug|Any CPU
		{906AE10B-07EE-4B57-8005-8EBD02E681C8}.Debug|x86.ActiveCfg = Debug|Any CPU
		{906AE10B-07EE-4B57-8005-8EBD02E681C8}.Debug|x86.Build.0 = Debug|Any CPU
		{906AE10B-07EE-4B57-8005-8EBD02E681C8}.Release|Any CPU.ActiveCfg = Release|Any CPU
		{906AE10B-07EE-4B57-8005-8EBD02E681C8}.Release|Any CPU.Build.0 = Release|Any CPU
		{906AE10B-07EE-4B57-8005-8EBD02E681C8}.Release|x86.ActiveCfg = Release|Any CPU
		{906AE10B-07EE-4B57-8005-8EBD02E681C8}.Release|x86.Build.0 = Release|Any CPU
		{46DE7671-F965-4C49-8676-BEEB16C47B9F}.Debug|Any CPU.ActiveCfg = Debug|Any CPU
		{46DE7671-F965-4C49-8676-BEEB16C47B9F}.Debug|Any CPU.Build.0 = Debug|Any CPU
		{46DE7671-F965-4C49-8676-BEEB16C47B9F}.Debug|x86.ActiveCfg = Debug|Any CPU
		{46DE7671-F965-4C49-8676-BEEB16C47B9F}.Debug|x86.Build.0 = Debug|Any CPU
		{46DE7671-F965-4C49-8676-BEEB16C47B9F}.Release|Any CPU.ActiveCfg = Release|Any CPU
		{46DE7671-F965-4C49-8676-BEEB16C47B9F}.Release|Any CPU.Build.0 = Release|Any CPU
		{46DE7671-F965-4C49-8676-BEEB16C47B9F}.Release|x86.ActiveCfg = Release|Any CPU
		{46DE7671-F965-4C49-8676-BEEB16C47B9F}.Release|x86.Build.0 = Release|Any CPU
		{C48696AD-9226-4D4C-8493-84222BD3D296}.Debug|Any CPU.ActiveCfg = Debug|Any CPU
		{C48696AD-9226-4D4C-8493-84222BD3D296}.Debug|Any CPU.Build.0 = Debug|Any CPU
		{C48696AD-9226-4D4C-8493-84222BD3D296}.Debug|x86.ActiveCfg = Debug|Any CPU
		{C48696AD-9226-4D4C-8493-84222BD3D296}.Debug|x86.Build.0 = Debug|Any CPU
		{C48696AD-9226-4D4C-8493-84222BD3D296}.Release|Any CPU.ActiveCfg = Release|Any CPU
		{C48696AD-9226-4D4C-8493-84222BD3D296}.Release|Any CPU.Build.0 = Release|Any CPU
		{C48696AD-9226-4D4C-8493-84222BD3D296}.Release|x86.ActiveCfg = Release|Any CPU
		{C48696AD-9226-4D4C-8493-84222BD3D296}.Release|x86.Build.0 = Release|Any CPU
	EndGlobalSection
	GlobalSection(SolutionProperties) = preSolution
		HideSolutionNode = FALSE
	EndGlobalSection
	GlobalSection(ExtensibilityGlobals) = postSolution
		SolutionGuid = {88467C67-1649-4383-92AE-5C4E0B962562}
	EndGlobalSection
EndGlobal
